// !$*UTF8*$!
{
	archiveVersion = 1;
	classes = {
	};
	objectVersion = 56;
	objects = {

/* Begin PBXBuildFile section */
		4353CD3B29CAF0CB00AD2F98 /* EatsensielApp.swift in Sources */ = {isa = PBXBuildFile; fileRef = 4353CD3A29CAF0CB00AD2F98 /* EatsensielApp.swift */; };
		4353CD4229CAF0CC00AD2F98 /* Preview Assets.xcassets in Resources */ = {isa = PBXBuildFile; fileRef = 4353CD4129CAF0CC00AD2F98 /* Preview Assets.xcassets */; };
		4353CD4D29CAF28D00AD2F98 /* ListeView.swift in Sources */ = {isa = PBXBuildFile; fileRef = 4353CD4C29CAF28D00AD2F98 /* ListeView.swift */; };
		A381F3DA29CDF928008BF519 /* Marmelad-Regular.ttf in Resources */ = {isa = PBXBuildFile; fileRef = A381F3D829CDF928008BF519 /* Marmelad-Regular.ttf */; };
		A381F3DB29CDF928008BF519 /* Karita.otf in Resources */ = {isa = PBXBuildFile; fileRef = A381F3D929CDF928008BF519 /* Karita.otf */; };
		A3A326AD29D4279F00894336 /* ArrayExtension.swift in Sources */ = {isa = PBXBuildFile; fileRef = A3A326AC29D4279F00894336 /* ArrayExtension.swift */; };
		A3A326B229D4637400894336 /* Assets.xcassets in Resources */ = {isa = PBXBuildFile; fileRef = 4353CD3E29CAF0CC00AD2F98 /* Assets.xcassets */; };
		A3A326B629D46ECF00894336 /* CategorieStockageView.swift in Sources */ = {isa = PBXBuildFile; fileRef = A3A326B529D46ECF00894336 /* CategorieStockageView.swift */; };
		A3A326B829D46EF000894336 /* InventaireDetailFrigoView.swift in Sources */ = {isa = PBXBuildFile; fileRef = A3A326B729D46EEF00894336 /* InventaireDetailFrigoView.swift */; };
		A3A326BA29D46F0D00894336 /* InventaireDetailPlacardView.swift in Sources */ = {isa = PBXBuildFile; fileRef = A3A326B929D46F0D00894336 /* InventaireDetailPlacardView.swift */; };
		A3A326BC29D46F2600894336 /* InventaireDetailCongelateurView.swift in Sources */ = {isa = PBXBuildFile; fileRef = A3A326BB29D46F2600894336 /* InventaireDetailCongelateurView.swift */; };
		A3A326BE29D46F3C00894336 /* Structuredonneeinventaire.swift in Sources */ = {isa = PBXBuildFile; fileRef = A3A326BD29D46F3C00894336 /* Structuredonneeinventaire.swift */; };
		A3A326C029D46F5100894336 /* InventaireView.swift in Sources */ = {isa = PBXBuildFile; fileRef = A3A326BF29D46F5100894336 /* InventaireView.swift */; };
		A3A326C229D46F8100894336 /* AstucesDetails.swift in Sources */ = {isa = PBXBuildFile; fileRef = A3A326C129D46F8100894336 /* AstucesDetails.swift */; };
		A3A326C429D46F9500894336 /* AstucesListView.swift in Sources */ = {isa = PBXBuildFile; fileRef = A3A326C329D46F9500894336 /* AstucesListView.swift */; };
		A3A326C629D46FAD00894336 /* TipsStructure.swift in Sources */ = {isa = PBXBuildFile; fileRef = A3A326C529D46FAD00894336 /* TipsStructure.swift */; };
		A3A326C829D47DCD00894336 /* menuDetailsView.swift in Sources */ = {isa = PBXBuildFile; fileRef = A3A326C729D47DCD00894336 /* menuDetailsView.swift */; };
		A3A326CA29D47DF100894336 /* Recipe.swift in Sources */ = {isa = PBXBuildFile; fileRef = A3A326C929D47DF100894336 /* Recipe.swift */; };
		A3ABEC3A29D2EDC10088EEF6 /* Exo.ttf in Resources */ = {isa = PBXBuildFile; fileRef = A3ABEC3929D2EDC10088EEF6 /* Exo.ttf */; };
		A3ABEC5429D318F80088EEF6 /* MainView.swift in Sources */ = {isa = PBXBuildFile; fileRef = A3ABEC5329D318F80088EEF6 /* MainView.swift */; };
		A3ABEC5629D319240088EEF6 /* MenuView.swift in Sources */ = {isa = PBXBuildFile; fileRef = A3ABEC5529D319240088EEF6 /* MenuView.swift */; };
		A3B7EE9A29CAFC1100E2366C /* DLCView.swift in Sources */ = {isa = PBXBuildFile; fileRef = A3B7EE9929CAFC1100E2366C /* DLCView.swift */; };
		A3CAAA1A29D1BA9A00EFE502 /* Tabview.swift in Sources */ = {isa = PBXBuildFile; fileRef = A3CAAA1929D1BA9A00EFE502 /* Tabview.swift */; };
/* End PBXBuildFile section */

/* Begin PBXFileReference section */
		4353CD3729CAF0CB00AD2F98 /* Eatsensiel.app */ = {isa = PBXFileReference; explicitFileType = wrapper.application; includeInIndex = 0; path = Eatsensiel.app; sourceTree = BUILT_PRODUCTS_DIR; };
		4353CD3A29CAF0CB00AD2F98 /* EatsensielApp.swift */ = {isa = PBXFileReference; lastKnownFileType = sourcecode.swift; path = EatsensielApp.swift; sourceTree = "<group>"; };
		4353CD3E29CAF0CC00AD2F98 /* Assets.xcassets */ = {isa = PBXFileReference; lastKnownFileType = folder.assetcatalog; path = Assets.xcassets; sourceTree = "<group>"; };
		4353CD4129CAF0CC00AD2F98 /* Preview Assets.xcassets */ = {isa = PBXFileReference; lastKnownFileType = folder.assetcatalog; path = "Preview Assets.xcassets"; sourceTree = "<group>"; };
		4353CD4C29CAF28D00AD2F98 /* ListeView.swift */ = {isa = PBXFileReference; lastKnownFileType = sourcecode.swift; path = ListeView.swift; sourceTree = "<group>"; };
		A381F3D829CDF928008BF519 /* Marmelad-Regular.ttf */ = {isa = PBXFileReference; lastKnownFileType = file; path = "Marmelad-Regular.ttf"; sourceTree = "<group>"; };
		A381F3D929CDF928008BF519 /* Karita.otf */ = {isa = PBXFileReference; lastKnownFileType = file; path = Karita.otf; sourceTree = "<group>"; };
		A3A326AC29D4279F00894336 /* ArrayExtension.swift */ = {isa = PBXFileReference; lastKnownFileType = sourcecode.swift; path = ArrayExtension.swift; sourceTree = "<group>"; };
		A3A326B529D46ECF00894336 /* CategorieStockageView.swift */ = {isa = PBXFileReference; fileEncoding = 4; lastKnownFileType = sourcecode.swift; path = CategorieStockageView.swift; sourceTree = "<group>"; };
		A3A326B729D46EEF00894336 /* InventaireDetailFrigoView.swift */ = {isa = PBXFileReference; fileEncoding = 4; lastKnownFileType = sourcecode.swift; path = InventaireDetailFrigoView.swift; sourceTree = "<group>"; };
		A3A326B929D46F0D00894336 /* InventaireDetailPlacardView.swift */ = {isa = PBXFileReference; fileEncoding = 4; lastKnownFileType = sourcecode.swift; path = InventaireDetailPlacardView.swift; sourceTree = "<group>"; };
		A3A326BB29D46F2600894336 /* InventaireDetailCongelateurView.swift */ = {isa = PBXFileReference; fileEncoding = 4; lastKnownFileType = sourcecode.swift; path = InventaireDetailCongelateurView.swift; sourceTree = "<group>"; };
		A3A326BD29D46F3C00894336 /* Structuredonneeinventaire.swift */ = {isa = PBXFileReference; fileEncoding = 4; lastKnownFileType = sourcecode.swift; path = Structuredonneeinventaire.swift; sourceTree = "<group>"; };
		A3A326BF29D46F5100894336 /* InventaireView.swift */ = {isa = PBXFileReference; fileEncoding = 4; lastKnownFileType = sourcecode.swift; path = InventaireView.swift; sourceTree = "<group>"; };
		A3A326C129D46F8100894336 /* AstucesDetails.swift */ = {isa = PBXFileReference; fileEncoding = 4; lastKnownFileType = sourcecode.swift; path = AstucesDetails.swift; sourceTree = "<group>"; };
		A3A326C329D46F9500894336 /* AstucesListView.swift */ = {isa = PBXFileReference; fileEncoding = 4; lastKnownFileType = sourcecode.swift; path = AstucesListView.swift; sourceTree = "<group>"; };
		A3A326C529D46FAD00894336 /* TipsStructure.swift */ = {isa = PBXFileReference; fileEncoding = 4; lastKnownFileType = sourcecode.swift; path = TipsStructure.swift; sourceTree = "<group>"; };
		A3A326C729D47DCD00894336 /* menuDetailsView.swift */ = {isa = PBXFileReference; fileEncoding = 4; lastKnownFileType = sourcecode.swift; path = menuDetailsView.swift; sourceTree = "<group>"; };
		A3A326C929D47DF100894336 /* Recipe.swift */ = {isa = PBXFileReference; fileEncoding = 4; lastKnownFileType = sourcecode.swift; path = Recipe.swift; sourceTree = "<group>"; };
		A3ABEC3929D2EDC10088EEF6 /* Exo.ttf */ = {isa = PBXFileReference; lastKnownFileType = file; path = Exo.ttf; sourceTree = "<group>"; };
		A3ABEC5329D318F80088EEF6 /* MainView.swift */ = {isa = PBXFileReference; fileEncoding = 4; lastKnownFileType = sourcecode.swift; path = MainView.swift; sourceTree = "<group>"; };
		A3ABEC5529D319240088EEF6 /* MenuView.swift */ = {isa = PBXFileReference; fileEncoding = 4; lastKnownFileType = sourcecode.swift; path = MenuView.swift; sourceTree = "<group>"; };
		A3B7EE9929CAFC1100E2366C /* DLCView.swift */ = {isa = PBXFileReference; lastKnownFileType = sourcecode.swift; path = DLCView.swift; sourceTree = "<group>"; };
		A3CAAA1929D1BA9A00EFE502 /* Tabview.swift */ = {isa = PBXFileReference; fileEncoding = 4; lastKnownFileType = sourcecode.swift; path = Tabview.swift; sourceTree = "<group>"; };
/* End PBXFileReference section */

/* Begin PBXFrameworksBuildPhase section */
		4353CD3429CAF0CB00AD2F98 /* Frameworks */ = {
			isa = PBXFrameworksBuildPhase;
			buildActionMask = 2147483647;
			files = (
			);
			runOnlyForDeploymentPostprocessing = 0;
		};
/* End PBXFrameworksBuildPhase section */

/* Begin PBXGroup section */
		4353CD2E29CAF0CB00AD2F98 = {
			isa = PBXGroup;
			children = (
				4353CD3929CAF0CB00AD2F98 /* Eatsensiel */,
				4353CD3829CAF0CB00AD2F98 /* Products */,
			);
			sourceTree = "<group>";
		};
		4353CD3829CAF0CB00AD2F98 /* Products */ = {
			isa = PBXGroup;
			children = (
				4353CD3729CAF0CB00AD2F98 /* Eatsensiel.app */,
			);
			name = Products;
			sourceTree = "<group>";
		};
		4353CD3929CAF0CB00AD2F98 /* Eatsensiel */ = {
			isa = PBXGroup;
			children = (
				A3CAAA1929D1BA9A00EFE502 /* Tabview.swift */,
				A3A326AE29D45A7D00894336 /* Accueil */,
				A3A326AF29D45AC300894336 /* Inventaire */,
				A3A326B029D45B7700894336 /* Menus */,
				A3A326B129D45BBA00894336 /* Liste de course */,
				A3A326B329D4659E00894336 /* Utiles */,
				A3A326B429D465D300894336 /* Autre */,
				4353CD3A29CAF0CB00AD2F98 /* EatsensielApp.swift */,
				4353CD3E29CAF0CC00AD2F98 /* Assets.xcassets */,
				A381F3D929CDF928008BF519 /* Karita.otf */,
				A381F3D829CDF928008BF519 /* Marmelad-Regular.ttf */,
				A3ABEC3929D2EDC10088EEF6 /* Exo.ttf */,
				4353CD4029CAF0CC00AD2F98 /* Preview Content */,
			);
			path = Eatsensiel;
			sourceTree = "<group>";
		};
		4353CD4029CAF0CC00AD2F98 /* Preview Content */ = {
			isa = PBXGroup;
			children = (
				4353CD4129CAF0CC00AD2F98 /* Preview Assets.xcassets */,
			);
			path = "Preview Content";
			sourceTree = "<group>";
		};
		A3A326AE29D45A7D00894336 /* Accueil */ = {
			isa = PBXGroup;
			children = (
				A3ABEC5329D318F80088EEF6 /* MainView.swift */,
				A3A326C329D46F9500894336 /* AstucesListView.swift */,
				A3A326C129D46F8100894336 /* AstucesDetails.swift */,
			);
			path = Accueil;
			sourceTree = "<group>";
		};
		A3A326AF29D45AC300894336 /* Inventaire */ = {
			isa = PBXGroup;
			children = (
				A3A326BF29D46F5100894336 /* InventaireView.swift */,
				A3A326B529D46ECF00894336 /* CategorieStockageView.swift */,
				A3A326B929D46F0D00894336 /* InventaireDetailPlacardView.swift */,
				A3A326B729D46EEF00894336 /* InventaireDetailFrigoView.swift */,
				A3A326BB29D46F2600894336 /* InventaireDetailCongelateurView.swift */,
				A3B7EE9929CAFC1100E2366C /* DLCView.swift */,
			);
			path = Inventaire;
			sourceTree = "<group>";
		};
		A3A326B029D45B7700894336 /* Menus */ = {
			isa = PBXGroup;
			children = (
				A3ABEC5529D319240088EEF6 /* MenuView.swift */,
				A3A326C729D47DCD00894336 /* menuDetailsView.swift */,
			);
			path = Menus;
			sourceTree = "<group>";
		};
		A3A326B129D45BBA00894336 /* Liste de course */ = {
			isa = PBXGroup;
			children = (
				4353CD4C29CAF28D00AD2F98 /* ListeView.swift */,
			);
			path = "Liste de course";
			sourceTree = "<group>";
		};
		A3A326B329D4659E00894336 /* Utiles */ = {
			isa = PBXGroup;
			children = (
				A3A326C529D46FAD00894336 /* TipsStructure.swift */,
				A3A326BD29D46F3C00894336 /* Structuredonneeinventaire.swift */,
				A3A326C929D47DF100894336 /* Recipe.swift */,
			);
			path = Utiles;
			sourceTree = "<group>";
		};
		A3A326B429D465D300894336 /* Autre */ = {
			isa = PBXGroup;
			children = (
				A3A326AC29D4279F00894336 /* ArrayExtension.swift */,
			);
			path = Autre;
			sourceTree = "<group>";
		};
/* End PBXGroup section */

/* Begin PBXNativeTarget section */
		4353CD3629CAF0CB00AD2F98 /* Eatsensiel */ = {
			isa = PBXNativeTarget;
			buildConfigurationList = 4353CD4529CAF0CC00AD2F98 /* Build configuration list for PBXNativeTarget "Eatsensiel" */;
			buildPhases = (
				4353CD3329CAF0CB00AD2F98 /* Sources */,
				4353CD3429CAF0CB00AD2F98 /* Frameworks */,
				4353CD3529CAF0CB00AD2F98 /* Resources */,
			);
			buildRules = (
			);
			dependencies = (
			);
			name = Eatsensiel;
			productName = Eatsensiel;
			productReference = 4353CD3729CAF0CB00AD2F98 /* Eatsensiel.app */;
			productType = "com.apple.product-type.application";
		};
/* End PBXNativeTarget section */

/* Begin PBXProject section */
		4353CD2F29CAF0CB00AD2F98 /* Project object */ = {
			isa = PBXProject;
			attributes = {
				BuildIndependentTargetsInParallel = 1;
				LastSwiftUpdateCheck = 1420;
				LastUpgradeCheck = 1420;
				TargetAttributes = {
					4353CD3629CAF0CB00AD2F98 = {
						CreatedOnToolsVersion = 14.2;
					};
				};
			};
			buildConfigurationList = 4353CD3229CAF0CB00AD2F98 /* Build configuration list for PBXProject "Eatsensiel" */;
			compatibilityVersion = "Xcode 14.0";
			developmentRegion = fr;
			hasScannedForEncodings = 0;
			knownRegions = (
				fr,
				en,
				Base,
			);
			mainGroup = 4353CD2E29CAF0CB00AD2F98;
			productRefGroup = 4353CD3829CAF0CB00AD2F98 /* Products */;
			projectDirPath = "";
			projectRoot = "";
			targets = (
				4353CD3629CAF0CB00AD2F98 /* Eatsensiel */,
			);
		};
/* End PBXProject section */

/* Begin PBXResourcesBuildPhase section */
		4353CD3529CAF0CB00AD2F98 /* Resources */ = {
			isa = PBXResourcesBuildPhase;
			buildActionMask = 2147483647;
			files = (
				4353CD4229CAF0CC00AD2F98 /* Preview Assets.xcassets in Resources */,
				A381F3DB29CDF928008BF519 /* Karita.otf in Resources */,
				A3ABEC3A29D2EDC10088EEF6 /* Exo.ttf in Resources */,
				A381F3DA29CDF928008BF519 /* Marmelad-Regular.ttf in Resources */,
				A3A326B229D4637400894336 /* Assets.xcassets in Resources */,
			);
			runOnlyForDeploymentPostprocessing = 0;
		};
/* End PBXResourcesBuildPhase section */

/* Begin PBXSourcesBuildPhase section */
		4353CD3329CAF0CB00AD2F98 /* Sources */ = {
			isa = PBXSourcesBuildPhase;
			buildActionMask = 2147483647;
			files = (
				A3A326BA29D46F0D00894336 /* InventaireDetailPlacardView.swift in Sources */,
				A3A326BE29D46F3C00894336 /* Structuredonneeinventaire.swift in Sources */,
				4353CD4D29CAF28D00AD2F98 /* ListeView.swift in Sources */,
				4353CD3B29CAF0CB00AD2F98 /* EatsensielApp.swift in Sources */,
				A3A326B829D46EF000894336 /* InventaireDetailFrigoView.swift in Sources */,
				A3A326AD29D4279F00894336 /* ArrayExtension.swift in Sources */,
				A3CAAA1A29D1BA9A00EFE502 /* Tabview.swift in Sources */,
				A3A326C829D47DCD00894336 /* menuDetailsView.swift in Sources */,
				A3B7EE9A29CAFC1100E2366C /* DLCView.swift in Sources */,
				A3ABEC5629D319240088EEF6 /* MenuView.swift in Sources */,
				A3A326C029D46F5100894336 /* InventaireView.swift in Sources */,
				A3A326BC29D46F2600894336 /* InventaireDetailCongelateurView.swift in Sources */,
				A3A326C429D46F9500894336 /* AstucesListView.swift in Sources */,
				A3A326C229D46F8100894336 /* AstucesDetails.swift in Sources */,
				A3ABEC5429D318F80088EEF6 /* MainView.swift in Sources */,
				A3A326CA29D47DF100894336 /* Recipe.swift in Sources */,
				A3A326C629D46FAD00894336 /* TipsStructure.swift in Sources */,
				A3A326B629D46ECF00894336 /* CategorieStockageView.swift in Sources */,
			);
			runOnlyForDeploymentPostprocessing = 0;
		};
/* End PBXSourcesBuildPhase section */

/* Begin XCBuildConfiguration section */
		4353CD4329CAF0CC00AD2F98 /* Debug */ = {
			isa = XCBuildConfiguration;
			buildSettings = {
				ALWAYS_SEARCH_USER_PATHS = NO;
				CLANG_ANALYZER_NONNULL = YES;
				CLANG_ANALYZER_NUMBER_OBJECT_CONVERSION = YES_AGGRESSIVE;
				CLANG_CXX_LANGUAGE_STANDARD = "gnu++20";
				CLANG_ENABLE_MODULES = YES;
				CLANG_ENABLE_OBJC_ARC = YES;
				CLANG_ENABLE_OBJC_WEAK = YES;
				CLANG_WARN_BLOCK_CAPTURE_AUTORELEASING = YES;
				CLANG_WARN_BOOL_CONVERSION = YES;
				CLANG_WARN_COMMA = YES;
				CLANG_WARN_CONSTANT_CONVERSION = YES;
				CLANG_WARN_DEPRECATED_OBJC_IMPLEMENTATIONS = YES;
				CLANG_WARN_DIRECT_OBJC_ISA_USAGE = YES_ERROR;
				CLANG_WARN_DOCUMENTATION_COMMENTS = YES;
				CLANG_WARN_EMPTY_BODY = YES;
				CLANG_WARN_ENUM_CONVERSION = YES;
				CLANG_WARN_INFINITE_RECURSION = YES;
				CLANG_WARN_INT_CONVERSION = YES;
				CLANG_WARN_NON_LITERAL_NULL_CONVERSION = YES;
				CLANG_WARN_OBJC_IMPLICIT_RETAIN_SELF = YES;
				CLANG_WARN_OBJC_LITERAL_CONVERSION = YES;
				CLANG_WARN_OBJC_ROOT_CLASS = YES_ERROR;
				CLANG_WARN_QUOTED_INCLUDE_IN_FRAMEWORK_HEADER = YES;
				CLANG_WARN_RANGE_LOOP_ANALYSIS = YES;
				CLANG_WARN_STRICT_PROTOTYPES = YES;
				CLANG_WARN_SUSPICIOUS_MOVE = YES;
				CLANG_WARN_UNGUARDED_AVAILABILITY = YES_AGGRESSIVE;
				CLANG_WARN_UNREACHABLE_CODE = YES;
				CLANG_WARN__DUPLICATE_METHOD_MATCH = YES;
				COPY_PHASE_STRIP = NO;
				DEBUG_INFORMATION_FORMAT = dwarf;
				ENABLE_STRICT_OBJC_MSGSEND = YES;
				ENABLE_TESTABILITY = YES;
				GCC_C_LANGUAGE_STANDARD = gnu11;
				GCC_DYNAMIC_NO_PIC = NO;
				GCC_NO_COMMON_BLOCKS = YES;
				GCC_OPTIMIZATION_LEVEL = 0;
				GCC_PREPROCESSOR_DEFINITIONS = (
					"DEBUG=1",
					"$(inherited)",
				);
				GCC_WARN_64_TO_32_BIT_CONVERSION = YES;
				GCC_WARN_ABOUT_RETURN_TYPE = YES_ERROR;
				GCC_WARN_UNDECLARED_SELECTOR = YES;
				GCC_WARN_UNINITIALIZED_AUTOS = YES_AGGRESSIVE;
				GCC_WARN_UNUSED_FUNCTION = YES;
				GCC_WARN_UNUSED_VARIABLE = YES;
				IPHONEOS_DEPLOYMENT_TARGET = 16.2;
				MTL_ENABLE_DEBUG_INFO = INCLUDE_SOURCE;
				MTL_FAST_MATH = YES;
				ONLY_ACTIVE_ARCH = YES;
				SDKROOT = iphoneos;
				SWIFT_ACTIVE_COMPILATION_CONDITIONS = DEBUG;
				SWIFT_OPTIMIZATION_LEVEL = "-Onone";
			};
			name = Debug;
		};
		4353CD4429CAF0CC00AD2F98 /* Release */ = {
			isa = XCBuildConfiguration;
			buildSettings = {
				ALWAYS_SEARCH_USER_PATHS = NO;
				CLANG_ANALYZER_NONNULL = YES;
				CLANG_ANALYZER_NUMBER_OBJECT_CONVERSION = YES_AGGRESSIVE;
				CLANG_CXX_LANGUAGE_STANDARD = "gnu++20";
				CLANG_ENABLE_MODULES = YES;
				CLANG_ENABLE_OBJC_ARC = YES;
				CLANG_ENABLE_OBJC_WEAK = YES;
				CLANG_WARN_BLOCK_CAPTURE_AUTORELEASING = YES;
				CLANG_WARN_BOOL_CONVERSION = YES;
				CLANG_WARN_COMMA = YES;
				CLANG_WARN_CONSTANT_CONVERSION = YES;
				CLANG_WARN_DEPRECATED_OBJC_IMPLEMENTATIONS = YES;
				CLANG_WARN_DIRECT_OBJC_ISA_USAGE = YES_ERROR;
				CLANG_WARN_DOCUMENTATION_COMMENTS = YES;
				CLANG_WARN_EMPTY_BODY = YES;
				CLANG_WARN_ENUM_CONVERSION = YES;
				CLANG_WARN_INFINITE_RECURSION = YES;
				CLANG_WARN_INT_CONVERSION = YES;
				CLANG_WARN_NON_LITERAL_NULL_CONVERSION = YES;
				CLANG_WARN_OBJC_IMPLICIT_RETAIN_SELF = YES;
				CLANG_WARN_OBJC_LITERAL_CONVERSION = YES;
				CLANG_WARN_OBJC_ROOT_CLASS = YES_ERROR;
				CLANG_WARN_QUOTED_INCLUDE_IN_FRAMEWORK_HEADER = YES;
				CLANG_WARN_RANGE_LOOP_ANALYSIS = YES;
				CLANG_WARN_STRICT_PROTOTYPES = YES;
				CLANG_WARN_SUSPICIOUS_MOVE = YES;
				CLANG_WARN_UNGUARDED_AVAILABILITY = YES_AGGRESSIVE;
				CLANG_WARN_UNREACHABLE_CODE = YES;
				CLANG_WARN__DUPLICATE_METHOD_MATCH = YES;
				COPY_PHASE_STRIP = NO;
				DEBUG_INFORMATION_FORMAT = "dwarf-with-dsym";
				ENABLE_NS_ASSERTIONS = NO;
				ENABLE_STRICT_OBJC_MSGSEND = YES;
				GCC_C_LANGUAGE_STANDARD = gnu11;
				GCC_NO_COMMON_BLOCKS = YES;
				GCC_WARN_64_TO_32_BIT_CONVERSION = YES;
				GCC_WARN_ABOUT_RETURN_TYPE = YES_ERROR;
				GCC_WARN_UNDECLARED_SELECTOR = YES;
				GCC_WARN_UNINITIALIZED_AUTOS = YES_AGGRESSIVE;
				GCC_WARN_UNUSED_FUNCTION = YES;
				GCC_WARN_UNUSED_VARIABLE = YES;
				IPHONEOS_DEPLOYMENT_TARGET = 16.2;
				MTL_ENABLE_DEBUG_INFO = NO;
				MTL_FAST_MATH = YES;
				SDKROOT = iphoneos;
				SWIFT_COMPILATION_MODE = wholemodule;
				SWIFT_OPTIMIZATION_LEVEL = "-O";
				VALIDATE_PRODUCT = YES;
			};
			name = Release;
		};
		4353CD4629CAF0CC00AD2F98 /* Debug */ = {
			isa = XCBuildConfiguration;
			buildSettings = {
				ASSETCATALOG_COMPILER_APPICON_NAME = AppIcon;
				ASSETCATALOG_COMPILER_GLOBAL_ACCENT_COLOR_NAME = AccentColor;
				CODE_SIGN_STYLE = Automatic;
				CURRENT_PROJECT_VERSION = 1;
				DEVELOPMENT_ASSET_PATHS = "\"Eatsensiel/Preview Content\"";
				DEVELOPMENT_TEAM = A62FXM6747;
				ENABLE_PREVIEWS = YES;
				GENERATE_INFOPLIST_FILE = YES;
				INFOPLIST_FILE = Eatsensiel/Info.plist;
				INFOPLIST_KEY_UIApplicationSceneManifest_Generation = YES;
				INFOPLIST_KEY_UIApplicationSupportsIndirectInputEvents = YES;
				INFOPLIST_KEY_UISupportedInterfaceOrientations_iPad = "UIInterfaceOrientationPortrait UIInterfaceOrientationPortraitUpsideDown UIInterfaceOrientationLandscapeLeft UIInterfaceOrientationLandscapeRight";
				INFOPLIST_KEY_UISupportedInterfaceOrientations_iPhone = "UIInterfaceOrientationPortrait UIInterfaceOrientationLandscapeLeft UIInterfaceOrientationLandscapeRight";
				LD_RUNPATH_SEARCH_PATHS = (
					"$(inherited)",
					"@executable_path/Frameworks",
				);
				MARKETING_VERSION = 1.0;
				PRODUCT_BUNDLE_IDENTIFIER = Karine.Eatsensiel;
				PRODUCT_NAME = "$(TARGET_NAME)";
				SWIFT_EMIT_LOC_STRINGS = YES;
				SWIFT_VERSION = 5.0;
				TARGETED_DEVICE_FAMILY = "1,2";
			};
			name = Debug;
		};
		4353CD4729CAF0CC00AD2F98 /* Release */ = {
			isa = XCBuildConfiguration;
			buildSettings = {
				ASSETCATALOG_COMPILER_APPICON_NAME = AppIcon;
				ASSETCATALOG_COMPILER_GLOBAL_ACCENT_COLOR_NAME = AccentColor;
				CODE_SIGN_STYLE = Automatic;
				CURRENT_PROJECT_VERSION = 1;
				DEVELOPMENT_ASSET_PATHS = "\"Eatsensiel/Preview Content\"";
				DEVELOPMENT_TEAM = A62FXM6747;
				ENABLE_PREVIEWS = YES;
				GENERATE_INFOPLIST_FILE = YES;
				INFOPLIST_FILE = Eatsensiel/Info.plist;
				INFOPLIST_KEY_UIApplicationSceneManifest_Generation = YES;
				INFOPLIST_KEY_UIApplicationSupportsIndirectInputEvents = YES;
				INFOPLIST_KEY_UISupportedInterfaceOrientations_iPad = "UIInterfaceOrientationPortrait UIInterfaceOrientationPortraitUpsideDown UIInterfaceOrientationLandscapeLeft UIInterfaceOrientationLandscapeRight";
				INFOPLIST_KEY_UISupportedInterfaceOrientations_iPhone = "UIInterfaceOrientationPortrait UIInterfaceOrientationLandscapeLeft UIInterfaceOrientationLandscapeRight";
				LD_RUNPATH_SEARCH_PATHS = (
					"$(inherited)",
					"@executable_path/Frameworks",
				);
				MARKETING_VERSION = 1.0;
				PRODUCT_BUNDLE_IDENTIFIER = Karine.Eatsensiel;
				PRODUCT_NAME = "$(TARGET_NAME)";
				SWIFT_EMIT_LOC_STRINGS = YES;
				SWIFT_VERSION = 5.0;
				TARGETED_DEVICE_FAMILY = "1,2";
			};
			name = Release;
		};
/* End XCBuildConfiguration section */

/* Begin XCConfigurationList section */
		4353CD3229CAF0CB00AD2F98 /* Build configuration list for PBXProject "Eatsensiel" */ = {
			isa = XCConfigurationList;
			buildConfigurations = (
				4353CD4329CAF0CC00AD2F98 /* Debug */,
				4353CD4429CAF0CC00AD2F98 /* Release */,
			);
			defaultConfigurationIsVisible = 0;
			defaultConfigurationName = Release;
		};
		4353CD4529CAF0CC00AD2F98 /* Build configuration list for PBXNativeTarget "Eatsensiel" */ = {
			isa = XCConfigurationList;
			buildConfigurations = (
				4353CD4629CAF0CC00AD2F98 /* Debug */,
				4353CD4729CAF0CC00AD2F98 /* Release */,
			);
			defaultConfigurationIsVisible = 0;
			defaultConfigurationName = Release;
		};
/* End XCConfigurationList section */
	};
	rootObject = 4353CD2F29CAF0CB00AD2F98 /* Project object */;
}
